
Microsoft Visual Studio Solution File, Format Version 12.00
# Visual Studio Version 16
VisualStudioVersion = 16.0.29926.136
MinimumVisualStudioVersion = 10.0.40219.1
Project("{FAE04EC0-301F-11D3-BF4B-00C04F79EFBC}") = "Lesson-7 HWS Classes And Ctors", "Lesson-7 HWS Classes And Ctors\Lesson-7 HWS Classes And Ctors.csproj", "{54BF3E86-8858-4B75-B8BD-85A416328AC2}"
EndProject
Global
	GlobalSection(SolutionConfigurationPlatforms) = preSolution
		Debug|Any CPU = Debug|Any CPU
		Release|Any CPU = Release|Any CPU
	EndGlobalSection
	GlobalSection(ProjectConfigurationPlatforms) = postSolution
		{54BF3E86-8858-4B75-B8BD-85A416328AC2}.Debug|Any CPU.ActiveCfg = Debug|Any CPU
		{54BF3E86-8858-4B75-B8BD-85A416328AC2}.Debug|Any CPU.Build.0 = Debug|Any CPU
		{54BF3E86-8858-4B75-B8BD-85A416328AC2}.Release|Any CPU.ActiveCfg = Release|Any CPU
		{54BF3E86-8858-4B75-B8BD-85A416328AC2}.Release|Any CPU.Build.0 = Release|Any CPU
	EndGlobalSection
	GlobalSection(SolutionProperties) = preSolution
		HideSolutionNode = FALSE
	EndGlobalSection
	GlobalSection(ExtensibilityGlobals) = postSolution
		SolutionGuid = {F60AC834-D47F-42F8-9CEE-71C5AC5ADD14}
	EndGlobalSection
EndGlobal
